PODS:
  - Capacitor (6.1.2):
    - CapacitorCordova
  - CapacitorCamera (6.0.2):
    - Capacitor
  - CapacitorCommunityImageToText (6.0.1):
    - Capacitor
  - CapacitorCordova (6.1.2)
  - CapacitorHealthkitDojo (0.0.4):
    - Capacitor
  - CapacitorPreferences (6.0.2):
    - Capacitor
  - CapacitorSplashScreen (6.0.2):
    - Capacitor

DEPENDENCIES:
  - "Capacitor (from `../../node_modules/@capacitor/ios`)"
  - "CapacitorCamera (from `../../node_modules/@capacitor/camera`)"
  - "CapacitorCommunityImageToText (from `../../node_modules/@capacitor-community/image-to-text`)"
  - "CapacitorCordova (from `../../node_modules/@capacitor/ios`)"
  - CapacitorHealthkitDojo (from `../../node_modules/capacitor-healthkit-dojo`)
  - "CapacitorPreferences (from `../../node_modules/@capacitor/preferences`)"
  - "CapacitorSplashScreen (from `../../node_modules/@capacitor/splash-screen`)"

EXTERNAL SOURCES:
  Capacitor:
    :path: "../../node_modules/@capacitor/ios"
  CapacitorCamera:
    :path: "../../node_modules/@capacitor/camera"
  CapacitorCommunityImageToText:
    :path: "../../node_modules/@capacitor-community/image-to-text"
  CapacitorCordova:
    :path: "../../node_modules/@capacitor/ios"
  CapacitorHealthkitDojo:
    :path: "../../node_modules/capacitor-healthkit-dojo"
  CapacitorPreferences:
    :path: "../../node_modules/@capacitor/preferences"
  CapacitorSplashScreen:
    :path: "../../node_modules/@capacitor/splash-screen"

SPEC CHECKSUMS:
  Capacitor: 679f9673fdf30597493a6362a5d5bf233d46abc2
  CapacitorCamera: ed022171dbf3853e68eec877b4d78995378af6b7
  CapacitorCommunityImageToText: 8cd893c6ffb35ba7809cc3be277a8cf811d08ff3
  CapacitorCordova: f48c89f96c319101cd2f0ce8a2b7449b5fb8b3dd
  CapacitorHealthkitDojo: 4a1d648fc8c067c648eb9762c5125a2f184f8470
  CapacitorPreferences: e8284bf740cf8c6d3f25409af3c01df87dfeb5a1
  CapacitorSplashScreen: 250df9ef8014fac5c7c1fd231f0f8b1d8f0b5624

PODFILE CHECKSUM: 396a407952d8cbce8cfac26ac5089934eebc701b

COCOAPODS: 1.15.2
